// !$*UTF8*$!
{
	archiveVersion = 1;
	classes = {
	};
	objectVersion = 55;
	objects = {

/* Begin PBXBuildFile section */
		745B5C712823D07600EFE111 /* AppDelegate.swift in Sources */ = {isa = PBXBuildFile; fileRef = 745B5C702823D07600EFE111 /* AppDelegate.swift */; };
		745B5C732823D07600EFE111 /* SceneDelegate.swift in Sources */ = {isa = PBXBuildFile; fileRef = 745B5C722823D07600EFE111 /* SceneDelegate.swift */; };
		745B5C752823D07600EFE111 /* ViewController.swift in Sources */ = {isa = PBXBuildFile; fileRef = 745B5C742823D07600EFE111 /* ViewController.swift */; };
		745B5C782823D07600EFE111 /* Main.storyboard in Resources */ = {isa = PBXBuildFile; fileRef = 745B5C762823D07600EFE111 /* Main.storyboard */; };
		745B5C7A2823D07700EFE111 /* Assets.xcassets in Resources */ = {isa = PBXBuildFile; fileRef = 745B5C792823D07700EFE111 /* Assets.xcassets */; };
		745B5C7D2823D07700EFE111 /* LaunchScreen.storyboard in Resources */ = {isa = PBXBuildFile; fileRef = 745B5C7B2823D07700EFE111 /* LaunchScreen.storyboard */; };
		745B5C882823D07700EFE111 /* YemeksepetiListingPageTests.swift in Sources */ = {isa = PBXBuildFile; fileRef = 745B5C872823D07700EFE111 /* YemeksepetiListingPageTests.swift */; };
		745B5C922823D07700EFE111 /* YemeksepetiListingPageUITests.swift in Sources */ = {isa = PBXBuildFile; fileRef = 745B5C912823D07700EFE111 /* YemeksepetiListingPageUITests.swift */; };
		745B5C942823D07700EFE111 /* YemeksepetiListingPageUITestsLaunchTests.swift in Sources */ = {isa = PBXBuildFile; fileRef = 745B5C932823D07700EFE111 /* YemeksepetiListingPageUITestsLaunchTests.swift */; };
		745B5CA12823D30400EFE111 /* Restoranlar.swift in Sources */ = {isa = PBXBuildFile; fileRef = 745B5CA02823D30400EFE111 /* Restoranlar.swift */; };
		745B5CA32823E35A00EFE111 /* VendorTableViewCell.swift in Sources */ = {isa = PBXBuildFile; fileRef = 745B5CA22823E35A00EFE111 /* VendorTableViewCell.swift */; };
/* End PBXBuildFile section */

/* Begin PBXContainerItemProxy section */
		745B5C842823D07700EFE111 /* PBXContainerItemProxy */ = {
			isa = PBXContainerItemProxy;
			containerPortal = 745B5C652823D07600EFE111 /* Project object */;
			proxyType = 1;
			remoteGlobalIDString = 745B5C6C2823D07600EFE111;
			remoteInfo = YemeksepetiListingPage;
		};
		745B5C8E2823D07700EFE111 /* PBXContainerItemProxy */ = {
			isa = PBXContainerItemProxy;
			containerPortal = 745B5C652823D07600EFE111 /* Project object */;
			proxyType = 1;
			remoteGlobalIDString = 745B5C6C2823D07600EFE111;
			remoteInfo = YemeksepetiListingPage;
		};
/* End PBXContainerItemProxy section */

/* Begin PBXFileReference section */
		745B5C6D2823D07600EFE111 /* YemeksepetiListingPage.app */ = {isa = PBXFileReference; explicitFileType = wrapper.application; includeInIndex = 0; path = YemeksepetiListingPage.app; sourceTree = BUILT_PRODUCTS_DIR; };
		745B5C702823D07600EFE111 /* AppDelegate.swift */ = {isa = PBXFileReference; lastKnownFileType = sourcecode.swift; path = AppDelegate.swift; sourceTree = "<group>"; };
		745B5C722823D07600EFE111 /* SceneDelegate.swift */ = {isa = PBXFileReference; lastKnownFileType = sourcecode.swift; path = SceneDelegate.swift; sourceTree = "<group>"; };
		745B5C742823D07600EFE111 /* ViewController.swift */ = {isa = PBXFileReference; lastKnownFileType = sourcecode.swift; path = ViewController.swift; sourceTree = "<group>"; };
		745B5C772823D07600EFE111 /* Base */ = {isa = PBXFileReference; lastKnownFileType = file.storyboard; name = Base; path = Base.lproj/Main.storyboard; sourceTree = "<group>"; };
		745B5C792823D07700EFE111 /* Assets.xcassets */ = {isa = PBXFileReference; lastKnownFileType = folder.assetcatalog; path = Assets.xcassets; sourceTree = "<group>"; };
		745B5C7C2823D07700EFE111 /* Base */ = {isa = PBXFileReference; lastKnownFileType = file.storyboard; name = Base; path = Base.lproj/LaunchScreen.storyboard; sourceTree = "<group>"; };
		745B5C7E2823D07700EFE111 /* Info.plist */ = {isa = PBXFileReference; lastKnownFileType = text.plist.xml; path = Info.plist; sourceTree = "<group>"; };
		745B5C832823D07700EFE111 /* YemeksepetiListingPageTests.xctest */ = {isa = PBXFileReference; explicitFileType = wrapper.cfbundle; includeInIndex = 0; path = YemeksepetiListingPageTests.xctest; sourceTree = BUILT_PRODUCTS_DIR; };
		745B5C872823D07700EFE111 /* YemeksepetiListingPageTests.swift */ = {isa = PBXFileReference; lastKnownFileType = sourcecode.swift; path = YemeksepetiListingPageTests.swift; sourceTree = "<group>"; };
		745B5C8D2823D07700EFE111 /* YemeksepetiListingPageUITests.xctest */ = {isa = PBXFileReference; explicitFileType = wrapper.cfbundle; includeInIndex = 0; path = YemeksepetiListingPageUITests.xctest; sourceTree = BUILT_PRODUCTS_DIR; };
		745B5C912823D07700EFE111 /* YemeksepetiListingPageUITests.swift */ = {isa = PBXFileReference; lastKnownFileType = sourcecode.swift; path = YemeksepetiListingPageUITests.swift; sourceTree = "<group>"; };
		745B5C932823D07700EFE111 /* YemeksepetiListingPageUITestsLaunchTests.swift */ = {isa = PBXFileReference; lastKnownFileType = sourcecode.swift; path = YemeksepetiListingPageUITestsLaunchTests.swift; sourceTree = "<group>"; };
		745B5CA02823D30400EFE111 /* Restoranlar.swift */ = {isa = PBXFileReference; lastKnownFileType = sourcecode.swift; path = Restoranlar.swift; sourceTree = "<group>"; };
		745B5CA22823E35A00EFE111 /* VendorTableViewCell.swift */ = {isa = PBXFileReference; lastKnownFileType = sourcecode.swift; path = VendorTableViewCell.swift; sourceTree = "<group>"; };
/* End PBXFileReference section */

/* Begin PBXFrameworksBuildPhase section */
		745B5C6A2823D07600EFE111 /* Frameworks */ = {
			isa = PBXFrameworksBuildPhase;
			buildActionMask = 2147483647;
			files = (
			);
			runOnlyForDeploymentPostprocessing = 0;
		};
		745B5C802823D07700EFE111 /* Frameworks */ = {
			isa = PBXFrameworksBuildPhase;
			buildActionMask = 2147483647;
			files = (
			);
			runOnlyForDeploymentPostprocessing = 0;
		};
		745B5C8A2823D07700EFE111 /* Frameworks */ = {
			isa = PBXFrameworksBuildPhase;
			buildActionMask = 2147483647;
			files = (
			);
			runOnlyForDeploymentPostprocessing = 0;
		};
/* End PBXFrameworksBuildPhase section */

/* Begin PBXGroup section */
		745B5C642823D07600EFE111 = {
			isa = PBXGroup;
			children = (
				745B5C6F2823D07600EFE111 /* YemeksepetiListingPage */,
				745B5C862823D07700EFE111 /* YemeksepetiListingPageTests */,
				745B5C902823D07700EFE111 /* YemeksepetiListingPageUITests */,
				745B5C6E2823D07600EFE111 /* Products */,
			);
			sourceTree = "<group>";
		};
		745B5C6E2823D07600EFE111 /* Products */ = {
			isa = PBXGroup;
			children = (
				745B5C6D2823D07600EFE111 /* YemeksepetiListingPage.app */,
				745B5C832823D07700EFE111 /* YemeksepetiListingPageTests.xctest */,
				745B5C8D2823D07700EFE111 /* YemeksepetiListingPageUITests.xctest */,
			);
			name = Products;
			sourceTree = "<group>";
		};
		745B5C6F2823D07600EFE111 /* YemeksepetiListingPage */ = {
			isa = PBXGroup;
			children = (
				745B5C702823D07600EFE111 /* AppDelegate.swift */,
				745B5C722823D07600EFE111 /* SceneDelegate.swift */,
				745B5C742823D07600EFE111 /* ViewController.swift */,
				745B5C762823D07600EFE111 /* Main.storyboard */,
				745B5CA22823E35A00EFE111 /* VendorTableViewCell.swift */,
				745B5C792823D07700EFE111 /* Assets.xcassets */,
				745B5CA02823D30400EFE111 /* Restoranlar.swift */,
				745B5C7B2823D07700EFE111 /* LaunchScreen.storyboard */,
				745B5C7E2823D07700EFE111 /* Info.plist */,
			);
			path = YemeksepetiListingPage;
			sourceTree = "<group>";
		};
		745B5C862823D07700EFE111 /* YemeksepetiListingPageTests */ = {
			isa = PBXGroup;
			children = (
				745B5C872823D07700EFE111 /* YemeksepetiListingPageTests.swift */,
			);
			path = YemeksepetiListingPageTests;
			sourceTree = "<group>";
		};
		745B5C902823D07700EFE111 /* YemeksepetiListingPageUITests */ = {
			isa = PBXGroup;
			children = (
				745B5C912823D07700EFE111 /* YemeksepetiListingPageUITests.swift */,
				745B5C932823D07700EFE111 /* YemeksepetiListingPageUITestsLaunchTests.swift */,
			);
			path = YemeksepetiListingPageUITests;
			sourceTree = "<group>";
		};
/* End PBXGroup section */

/* Begin PBXNativeTarget section */
		745B5C6C2823D07600EFE111 /* YemeksepetiListingPage */ = {
			isa = PBXNativeTarget;
			buildConfigurationList = 745B5C972823D07700EFE111 /* Build configuration list for PBXNativeTarget "YemeksepetiListingPage" */;
			buildPhases = (
				745B5C692823D07600EFE111 /* Sources */,
				745B5C6A2823D07600EFE111 /* Frameworks */,
				745B5C6B2823D07600EFE111 /* Resources */,
			);
			buildRules = (
			);
			dependencies = (
			);
			name = YemeksepetiListingPage;
			productName = YemeksepetiListingPage;
			productReference = 745B5C6D2823D07600EFE111 /* YemeksepetiListingPage.app */;
			productType = "com.apple.product-type.application";
		};
		745B5C822823D07700EFE111 /* YemeksepetiListingPageTests */ = {
			isa = PBXNativeTarget;
			buildConfigurationList = 745B5C9A2823D07700EFE111 /* Build configuration list for PBXNativeTarget "YemeksepetiListingPageTests" */;
			buildPhases = (
				745B5C7F2823D07700EFE111 /* Sources */,
				745B5C802823D07700EFE111 /* Frameworks */,
				745B5C812823D07700EFE111 /* Resources */,
			);
			buildRules = (
			);
			dependencies = (
				745B5C852823D07700EFE111 /* PBXTargetDependency */,
			);
			name = YemeksepetiListingPageTests;
			productName = YemeksepetiListingPageTests;
			productReference = 745B5C832823D07700EFE111 /* YemeksepetiListingPageTests.xctest */;
			productType = "com.apple.product-type.bundle.unit-test";
		};
		745B5C8C2823D07700EFE111 /* YemeksepetiListingPageUITests */ = {
			isa = PBXNativeTarget;
			buildConfigurationList = 745B5C9D2823D07700EFE111 /* Build configuration list for PBXNativeTarget "YemeksepetiListingPageUITests" */;
			buildPhases = (
				745B5C892823D07700EFE111 /* Sources */,
				745B5C8A2823D07700EFE111 /* Frameworks */,
				745B5C8B2823D07700EFE111 /* Resources */,
			);
			buildRules = (
			);
			dependencies = (
				745B5C8F2823D07700EFE111 /* PBXTargetDependency */,
			);
			name = YemeksepetiListingPageUITests;
			productName = YemeksepetiListingPageUITests;
			productReference = 745B5C8D2823D07700EFE111 /* YemeksepetiListingPageUITests.xctest */;
			productType = "com.apple.product-type.bundle.ui-testing";
		};
/* End PBXNativeTarget section */

/* Begin PBXProject section */
		745B5C652823D07600EFE111 /* Project object */ = {
			isa = PBXProject;
			attributes = {
				BuildIndependentTargetsInParallel = 1;
				LastSwiftUpdateCheck = 1330;
				LastUpgradeCheck = 1330;
				TargetAttributes = {
					745B5C6C2823D07600EFE111 = {
						CreatedOnToolsVersion = 13.3.1;
					};
					745B5C822823D07700EFE111 = {
						CreatedOnToolsVersion = 13.3.1;
						TestTargetID = 745B5C6C2823D07600EFE111;
					};
					745B5C8C2823D07700EFE111 = {
						CreatedOnToolsVersion = 13.3.1;
						TestTargetID = 745B5C6C2823D07600EFE111;
					};
				};
			};
			buildConfigurationList = 745B5C682823D07600EFE111 /* Build configuration list for PBXProject "YemeksepetiListingPage" */;
			compatibilityVersion = "Xcode 13.0";
			developmentRegion = en;
			hasScannedForEncodings = 0;
			knownRegions = (
				en,
				Base,
			);
			mainGroup = 745B5C642823D07600EFE111;
			productRefGroup = 745B5C6E2823D07600EFE111 /* Products */;
			projectDirPath = "";
			projectRoot = "";
			targets = (
				745B5C6C2823D07600EFE111 /* YemeksepetiListingPage */,
				745B5C822823D07700EFE111 /* YemeksepetiListingPageTests */,
				745B5C8C2823D07700EFE111 /* YemeksepetiListingPageUITests */,
			);
		};
/* End PBXProject section */

/* Begin PBXResourcesBuildPhase section */
		745B5C6B2823D07600EFE111 /* Resources */ = {
			isa = PBXResourcesBuildPhase;
			buildActionMask = 2147483647;
			files = (
				745B5C7D2823D07700EFE111 /* LaunchScreen.storyboard in Resources */,
				745B5C7A2823D07700EFE111 /* Assets.xcassets in Resources */,
				745B5C782823D07600EFE111 /* Main.storyboard in Resources */,
			);
			runOnlyForDeploymentPostprocessing = 0;
		};
		745B5C812823D07700EFE111 /* Resources */ = {
			isa = PBXResourcesBuildPhase;
			buildActionMask = 2147483647;
			files = (
			);
			runOnlyForDeploymentPostprocessing = 0;
		};
		745B5C8B2823D07700EFE111 /* Resources */ = {
			isa = PBXResourcesBuildPhase;
			buildActionMask = 2147483647;
			files = (
			);
			runOnlyForDeploymentPostprocessing = 0;
		};
/* End PBXResourcesBuildPhase section */

/* Begin PBXSourcesBuildPhase section */
		745B5C692823D07600EFE111 /* Sources */ = {
			isa = PBXSourcesBuildPhase;
			buildActionMask = 2147483647;
			files = (
				745B5CA32823E35A00EFE111 /* VendorTableViewCell.swift in Sources */,
				745B5C752823D07600EFE111 /* ViewController.swift in Sources */,
				745B5CA12823D30400EFE111 /* Restoranlar.swift in Sources */,
				745B5C712823D07600EFE111 /* AppDelegate.swift in Sources */,
				745B5C732823D07600EFE111 /* SceneDelegate.swift in Sources */,
			);
			runOnlyForDeploymentPostprocessing = 0;
		};
		745B5C7F2823D07700EFE111 /* Sources */ = {
			isa = PBXSourcesBuildPhase;
			buildActionMask = 2147483647;
			files = (
				745B5C882823D07700EFE111 /* YemeksepetiListingPageTests.swift in Sources */,
			);
			runOnlyForDeploymentPostprocessing = 0;
		};
		745B5C892823D07700EFE111 /* Sources */ = {
			isa = PBXSourcesBuildPhase;
			buildActionMask = 2147483647;
			files = (
				745B5C942823D07700EFE111 /* YemeksepetiListingPageUITestsLaunchTests.swift in Sources */,
				745B5C922823D07700EFE111 /* YemeksepetiListingPageUITests.swift in Sources */,
			);
			runOnlyForDeploymentPostprocessing = 0;
		};
/* End PBXSourcesBuildPhase section */

/* Begin PBXTargetDependency section */
		745B5C852823D07700EFE111 /* PBXTargetDependency */ = {
			isa = PBXTargetDependency;
			target = 745B5C6C2823D07600EFE111 /* YemeksepetiListingPage */;
			targetProxy = 745B5C842823D07700EFE111 /* PBXContainerItemProxy */;
		};
		745B5C8F2823D07700EFE111 /* PBXTargetDependency */ = {
			isa = PBXTargetDependency;
			target = 745B5C6C2823D07600EFE111 /* YemeksepetiListingPage */;
			targetProxy = 745B5C8E2823D07700EFE111 /* PBXContainerItemProxy */;
		};
/* End PBXTargetDependency section */

/* Begin PBXVariantGroup section */
		745B5C762823D07600EFE111 /* Main.storyboard */ = {
			isa = PBXVariantGroup;
			children = (
				745B5C772823D07600EFE111 /* Base */,
			);
			name = Main.storyboard;
			sourceTree = "<group>";
		};
		745B5C7B2823D07700EFE111 /* LaunchScreen.storyboard */ = {
			isa = PBXVariantGroup;
			children = (
				745B5C7C2823D07700EFE111 /* Base */,
			);
			name = LaunchScreen.storyboard;
			sourceTree = "<group>";
		};
/* End PBXVariantGroup section */

/* Begin XCBuildConfiguration section */
		745B5C952823D07700EFE111 /* Debug */ = {
			isa = XCBuildConfiguration;
			buildSettings = {
				ALWAYS_SEARCH_USER_PATHS = NO;
				CLANG_ANALYZER_NONNULL = YES;
				CLANG_ANALYZER_NUMBER_OBJECT_CONVERSION = YES_AGGRESSIVE;
				CLANG_CXX_LANGUAGE_STANDARD = "gnu++17";
				CLANG_ENABLE_MODULES = YES;
				CLANG_ENABLE_OBJC_ARC = YES;
				CLANG_ENABLE_OBJC_WEAK = YES;
				CLANG_WARN_BLOCK_CAPTURE_AUTORELEASING = YES;
				CLANG_WARN_BOOL_CONVERSION = YES;
				CLANG_WARN_COMMA = YES;
				CLANG_WARN_CONSTANT_CONVERSION = YES;
				CLANG_WARN_DEPRECATED_OBJC_IMPLEMENTATIONS = YES;
				CLANG_WARN_DIRECT_OBJC_ISA_USAGE = YES_ERROR;
				CLANG_WARN_DOCUMENTATION_COMMENTS = YES;
				CLANG_WARN_EMPTY_BODY = YES;
				CLANG_WARN_ENUM_CONVERSION = YES;
				CLANG_WARN_INFINITE_RECURSION = YES;
				CLANG_WARN_INT_CONVERSION = YES;
				CLANG_WARN_NON_LITERAL_NULL_CONVERSION = YES;
				CLANG_WARN_OBJC_IMPLICIT_RETAIN_SELF = YES;
				CLANG_WARN_OBJC_LITERAL_CONVERSION = YES;
				CLANG_WARN_OBJC_ROOT_CLASS = YES_ERROR;
				CLANG_WARN_QUOTED_INCLUDE_IN_FRAMEWORK_HEADER = YES;
				CLANG_WARN_RANGE_LOOP_ANALYSIS = YES;
				CLANG_WARN_STRICT_PROTOTYPES = YES;
				CLANG_WARN_SUSPICIOUS_MOVE = YES;
				CLANG_WARN_UNGUARDED_AVAILABILITY = YES_AGGRESSIVE;
				CLANG_WARN_UNREACHABLE_CODE = YES;
				CLANG_WARN__DUPLICATE_METHOD_MATCH = YES;
				COPY_PHASE_STRIP = NO;
				DEBUG_INFORMATION_FORMAT = dwarf;
				ENABLE_STRICT_OBJC_MSGSEND = YES;
				ENABLE_TESTABILITY = YES;
				GCC_C_LANGUAGE_STANDARD = gnu11;
				GCC_DYNAMIC_NO_PIC = NO;
				GCC_NO_COMMON_BLOCKS = YES;
				GCC_OPTIMIZATION_LEVEL = 0;
				GCC_PREPROCESSOR_DEFINITIONS = (
					"DEBUG=1",
					"$(inherited)",
				);
				GCC_WARN_64_TO_32_BIT_CONVERSION = YES;
				GCC_WARN_ABOUT_RETURN_TYPE = YES_ERROR;
				GCC_WARN_UNDECLARED_SELECTOR = YES;
				GCC_WARN_UNINITIALIZED_AUTOS = YES_AGGRESSIVE;
				GCC_WARN_UNUSED_FUNCTION = YES;
				GCC_WARN_UNUSED_VARIABLE = YES;
				IPHONEOS_DEPLOYMENT_TARGET = 15.4;
				MTL_ENABLE_DEBUG_INFO = INCLUDE_SOURCE;
				MTL_FAST_MATH = YES;
				ONLY_ACTIVE_ARCH = YES;
				SDKROOT = iphoneos;
				SWIFT_ACTIVE_COMPILATION_CONDITIONS = DEBUG;
				SWIFT_OPTIMIZATION_LEVEL = "-Onone";
			};
			name = Debug;
		};
		745B5C962823D07700EFE111 /* Release */ = {
			isa = XCBuildConfiguration;
			buildSettings = {
				ALWAYS_SEARCH_USER_PATHS = NO;
				CLANG_ANALYZER_NONNULL = YES;
				CLANG_ANALYZER_NUMBER_OBJECT_CONVERSION = YES_AGGRESSIVE;
				CLANG_CXX_LANGUAGE_STANDARD = "gnu++17";
				CLANG_ENABLE_MODULES = YES;
				CLANG_ENABLE_OBJC_ARC = YES;
				CLANG_ENABLE_OBJC_WEAK = YES;
				CLANG_WARN_BLOCK_CAPTURE_AUTORELEASING = YES;
				CLANG_WARN_BOOL_CONVERSION = YES;
				CLANG_WARN_COMMA = YES;
				CLANG_WARN_CONSTANT_CONVERSION = YES;
				CLANG_WARN_DEPRECATED_OBJC_IMPLEMENTATIONS = YES;
				CLANG_WARN_DIRECT_OBJC_ISA_USAGE = YES_ERROR;
				CLANG_WARN_DOCUMENTATION_COMMENTS = YES;
				CLANG_WARN_EMPTY_BODY = YES;
				CLANG_WARN_ENUM_CONVERSION = YES;
				CLANG_WARN_INFINITE_RECURSION = YES;
				CLANG_WARN_INT_CONVERSION = YES;
				CLANG_WARN_NON_LITERAL_NULL_CONVERSION = YES;
				CLANG_WARN_OBJC_IMPLICIT_RETAIN_SELF = YES;
				CLANG_WARN_OBJC_LITERAL_CONVERSION = YES;
				CLANG_WARN_OBJC_ROOT_CLASS = YES_ERROR;
				CLANG_WARN_QUOTED_INCLUDE_IN_FRAMEWORK_HEADER = YES;
				CLANG_WARN_RANGE_LOOP_ANALYSIS = YES;
				CLANG_WARN_STRICT_PROTOTYPES = YES;
				CLANG_WARN_SUSPICIOUS_MOVE = YES;
				CLANG_WARN_UNGUARDED_AVAILABILITY = YES_AGGRESSIVE;
				CLANG_WARN_UNREACHABLE_CODE = YES;
				CLANG_WARN__DUPLICATE_METHOD_MATCH = YES;
				COPY_PHASE_STRIP = NO;
				DEBUG_INFORMATION_FORMAT = "dwarf-with-dsym";
				ENABLE_NS_ASSERTIONS = NO;
				ENABLE_STRICT_OBJC_MSGSEND = YES;
				GCC_C_LANGUAGE_STANDARD = gnu11;
				GCC_NO_COMMON_BLOCKS = YES;
				GCC_WARN_64_TO_32_BIT_CONVERSION = YES;
				GCC_WARN_ABOUT_RETURN_TYPE = YES_ERROR;
				GCC_WARN_UNDECLARED_SELECTOR = YES;
				GCC_WARN_UNINITIALIZED_AUTOS = YES_AGGRESSIVE;
				GCC_WARN_UNUSED_FUNCTION = YES;
				GCC_WARN_UNUSED_VARIABLE = YES;
				IPHONEOS_DEPLOYMENT_TARGET = 15.4;
				MTL_ENABLE_DEBUG_INFO = NO;
				MTL_FAST_MATH = YES;
				SDKROOT = iphoneos;
				SWIFT_COMPILATION_MODE = wholemodule;
				SWIFT_OPTIMIZATION_LEVEL = "-O";
				VALIDATE_PRODUCT = YES;
			};
			name = Release;
		};
		745B5C982823D07700EFE111 /* Debug */ = {
			isa = XCBuildConfiguration;
			buildSettings = {
				ASSETCATALOG_COMPILER_APPICON_NAME = AppIcon;
				ASSETCATALOG_COMPILER_GLOBAL_ACCENT_COLOR_NAME = AccentColor;
				CODE_SIGN_STYLE = Automatic;
				CURRENT_PROJECT_VERSION = 1;
				GENERATE_INFOPLIST_FILE = YES;
				INFOPLIST_FILE = YemeksepetiListingPage/Info.plist;
				INFOPLIST_KEY_UIApplicationSupportsIndirectInputEvents = YES;
				INFOPLIST_KEY_UILaunchStoryboardName = LaunchScreen;
				INFOPLIST_KEY_UIMainStoryboardFile = Main;
				INFOPLIST_KEY_UISupportedInterfaceOrientations = UIInterfaceOrientationPortrait;
				INFOPLIST_KEY_UISupportedInterfaceOrientations_iPad = "UIInterfaceOrientationPortrait UIInterfaceOrientationPortraitUpsideDown UIInterfaceOrientationLandscapeLeft UIInterfaceOrientationLandscapeRight";
				INFOPLIST_KEY_UISupportedInterfaceOrientations_iPhone = "UIInterfaceOrientationPortrait UIInterfaceOrientationLandscapeLeft UIInterfaceOrientationLandscapeRight";
				LD_RUNPATH_SEARCH_PATHS = (
					"$(inherited)",
					"@executable_path/Frameworks",
				);
				MARKETING_VERSION = 1.0;
				PRODUCT_BUNDLE_IDENTIFIER = com.deneme.YemeksepetiListingPage;
				PRODUCT_NAME = "$(TARGET_NAME)";
				SWIFT_EMIT_LOC_STRINGS = YES;
				SWIFT_VERSION = 5.0;
				TARGETED_DEVICE_FAMILY = "1,2";
			};
			name = Debug;
		};
		745B5C992823D07700EFE111 /* Release */ = {
			isa = XCBuildConfiguration;
			buildSettings = {
				ASSETCATALOG_COMPILER_APPICON_NAME = AppIcon;
				ASSETCATALOG_COMPILER_GLOBAL_ACCENT_COLOR_NAME = AccentColor;
				CODE_SIGN_STYLE = Automatic;
				CURRENT_PROJECT_VERSION = 1;
				GENERATE_INFOPLIST_FILE = YES;
				INFOPLIST_FILE = YemeksepetiListingPage/Info.plist;
				INFOPLIST_KEY_UIApplicationSupportsIndirectInputEvents = YES;
				INFOPLIST_KEY_UILaunchStoryboardName = LaunchScreen;
				INFOPLIST_KEY_UIMainStoryboardFile = Main;
				INFOPLIST_KEY_UISupportedInterfaceOrientations = UIInterfaceOrientationPortrait;
				INFOPLIST_KEY_UISupportedInterfaceOrientations_iPad = "UIInterfaceOrientationPortrait UIInterfaceOrientationPortraitUpsideDown UIInterfaceOrientationLandscapeLeft UIInterfaceOrientationLandscapeRight";
				INFOPLIST_KEY_UISupportedInterfaceOrientations_iPhone = "UIInterfaceOrientationPortrait UIInterfaceOrientationLandscapeLeft UIInterfaceOrientationLandscapeRight";
				LD_RUNPATH_SEARCH_PATHS = (
					"$(inherited)",
					"@executable_path/Frameworks",
				);
				MARKETING_VERSION = 1.0;
				PRODUCT_BUNDLE_IDENTIFIER = com.deneme.YemeksepetiListingPage;
				PRODUCT_NAME = "$(TARGET_NAME)";
				SWIFT_EMIT_LOC_STRINGS = YES;
				SWIFT_VERSION = 5.0;
				TARGETED_DEVICE_FAMILY = "1,2";
			};
			name = Release;
		};
		745B5C9B2823D07700EFE111 /* Debug */ = {
			isa = XCBuildConfiguration;
			buildSettings = {
				ALWAYS_EMBED_SWIFT_STANDARD_LIBRARIES = YES;
				BUNDLE_LOADER = "$(TEST_HOST)";
				CODE_SIGN_STYLE = Automatic;
				CURRENT_PROJECT_VERSION = 1;
				GENERATE_INFOPLIST_FILE = YES;
				IPHONEOS_DEPLOYMENT_TARGET = 15.4;
				MARKETING_VERSION = 1.0;
				PRODUCT_BUNDLE_IDENTIFIER = com.deneme.YemeksepetiListingPageTests;
				PRODUCT_NAME = "$(TARGET_NAME)";
				SWIFT_EMIT_LOC_STRINGS = NO;
				SWIFT_VERSION = 5.0;
				TARGETED_DEVICE_FAMILY = "1,2";
				TEST_HOST = "$(BUILT_PRODUCTS_DIR)/YemeksepetiListingPage.app/YemeksepetiListingPage";
			};
			name = Debug;
		};
		745B5C9C2823D07700EFE111 /* Release */ = {
			isa = XCBuildConfiguration;
			buildSettings = {
				ALWAYS_EMBED_SWIFT_STANDARD_LIBRARIES = YES;
				BUNDLE_LOADER = "$(TEST_HOST)";
				CODE_SIGN_STYLE = Automatic;
				CURRENT_PROJECT_VERSION = 1;
				GENERATE_INFOPLIST_FILE = YES;
				IPHONEOS_DEPLOYMENT_TARGET = 15.4;
				MARKETING_VERSION = 1.0;
				PRODUCT_BUNDLE_IDENTIFIER = com.deneme.YemeksepetiListingPageTests;
				PRODUCT_NAME = "$(TARGET_NAME)";
				SWIFT_EMIT_LOC_STRINGS = NO;
				SWIFT_VERSION = 5.0;
				TARGETED_DEVICE_FAMILY = "1,2";
				TEST_HOST = "$(BUILT_PRODUCTS_DIR)/YemeksepetiListingPage.app/YemeksepetiListingPage";
			};
			name = Release;
		};
		745B5C9E2823D07700EFE111 /* Debug */ = {
			isa = XCBuildConfiguration;
			buildSettings = {
				ALWAYS_EMBED_SWIFT_STANDARD_LIBRARIES = YES;
				CODE_SIGN_STYLE = Automatic;
				CURRENT_PROJECT_VERSION = 1;
				GENERATE_INFOPLIST_FILE = YES;
				MARKETING_VERSION = 1.0;
				PRODUCT_BUNDLE_IDENTIFIER = com.deneme.YemeksepetiListingPageUITests;
				PRODUCT_NAME = "$(TARGET_NAME)";
				SWIFT_EMIT_LOC_STRINGS = NO;
				SWIFT_VERSION = 5.0;
				TARGETED_DEVICE_FAMILY = "1,2";
				TEST_TARGET_NAME = YemeksepetiListingPage;
			};
			name = Debug;
		};
		745B5C9F2823D07700EFE111 /* Release */ = {
			isa = XCBuildConfiguration;
			buildSettings = {
				ALWAYS_EMBED_SWIFT_STANDARD_LIBRARIES = YES;
				CODE_SIGN_STYLE = Automatic;
				CURRENT_PROJECT_VERSION = 1;
				GENERATE_INFOPLIST_FILE = YES;
				MARKETING_VERSION = 1.0;
				PRODUCT_BUNDLE_IDENTIFIER = com.deneme.YemeksepetiListingPageUITests;
				PRODUCT_NAME = "$(TARGET_NAME)";
				SWIFT_EMIT_LOC_STRINGS = NO;
				SWIFT_VERSION = 5.0;
				TARGETED_DEVICE_FAMILY = "1,2";
				TEST_TARGET_NAME = YemeksepetiListingPage;
			};
			name = Release;
		};
/* End XCBuildConfiguration section */

/* Begin XCConfigurationList section */
		745B5C682823D07600EFE111 /* Build configuration list for PBXProject "YemeksepetiListingPage" */ = {
			isa = XCConfigurationList;
			buildConfigurations = (
				745B5C952823D07700EFE111 /* Debug */,
				745B5C962823D07700EFE111 /* Release */,
			);
			defaultConfigurationIsVisible = 0;
			defaultConfigurationName = Release;
		};
		745B5C972823D07700EFE111 /* Build configuration list for PBXNativeTarget "YemeksepetiListingPage" */ = {
			isa = XCConfigurationList;
			buildConfigurations = (
				745B5C982823D07700EFE111 /* Debug */,
				745B5C992823D07700EFE111 /* Release */,
			);
			defaultConfigurationIsVisible = 0;
			defaultConfigurationName = Release;
		};
		745B5C9A2823D07700EFE111 /* Build configuration list for PBXNativeTarget "YemeksepetiListingPageTests" */ = {
			isa = XCConfigurationList;
			buildConfigurations = (
				745B5C9B2823D07700EFE111 /* Debug */,
				745B5C9C2823D07700EFE111 /* Release */,
			);
			defaultConfigurationIsVisible = 0;
			defaultConfigurationName = Release;
		};
		745B5C9D2823D07700EFE111 /* Build configuration list for PBXNativeTarget "YemeksepetiListingPageUITests" */ = {
			isa = XCConfigurationList;
			buildConfigurations = (
				745B5C9E2823D07700EFE111 /* Debug */,
				745B5C9F2823D07700EFE111 /* Release */,
			);
			defaultConfigurationIsVisible = 0;
			defaultConfigurationName = Release;
		};
/* End XCConfigurationList section */
	};
	rootObject = 745B5C652823D07600EFE111 /* Project object */;
}
