// !$*UTF8*$!
{
	archiveVersion = 1;
	classes = {
	};
	objectVersion = 55;
	objects = {

/* Begin PBXBuildFile section */
		748732F42814AF2D00029009 /* AppDelegate.swift in Sources */ = {isa = PBXBuildFile; fileRef = 748732F32814AF2D00029009 /* AppDelegate.swift */; };
		748732F62814AF2D00029009 /* SceneDelegate.swift in Sources */ = {isa = PBXBuildFile; fileRef = 748732F52814AF2D00029009 /* SceneDelegate.swift */; };
		748732F82814AF2D00029009 /* ViewController.swift in Sources */ = {isa = PBXBuildFile; fileRef = 748732F72814AF2D00029009 /* ViewController.swift */; };
		748732FB2814AF2D00029009 /* Main.storyboard in Resources */ = {isa = PBXBuildFile; fileRef = 748732F92814AF2D00029009 /* Main.storyboard */; };
		748732FD2814AF2D00029009 /* Assets.xcassets in Resources */ = {isa = PBXBuildFile; fileRef = 748732FC2814AF2D00029009 /* Assets.xcassets */; };
		748733002814AF2D00029009 /* LaunchScreen.storyboard in Resources */ = {isa = PBXBuildFile; fileRef = 748732FE2814AF2D00029009 /* LaunchScreen.storyboard */; };
		7487330B2814AF2D00029009 /* HW4Tests.swift in Sources */ = {isa = PBXBuildFile; fileRef = 7487330A2814AF2D00029009 /* HW4Tests.swift */; };
		748733152814AF2D00029009 /* HW4UITests.swift in Sources */ = {isa = PBXBuildFile; fileRef = 748733142814AF2D00029009 /* HW4UITests.swift */; };
		748733172814AF2D00029009 /* HW4UITestsLaunchTests.swift in Sources */ = {isa = PBXBuildFile; fileRef = 748733162814AF2D00029009 /* HW4UITestsLaunchTests.swift */; };
		748733602814B0FB00029009 /* SayfaA_VC.swift in Sources */ = {isa = PBXBuildFile; fileRef = 7487335F2814B0FB00029009 /* SayfaA_VC.swift */; };
		748733622814B11400029009 /* SayfaB_VC.swift in Sources */ = {isa = PBXBuildFile; fileRef = 748733612814B11400029009 /* SayfaB_VC.swift */; };
		748733642814B13700029009 /* SayfaY_VC.swift in Sources */ = {isa = PBXBuildFile; fileRef = 748733632814B13700029009 /* SayfaY_VC.swift */; };
		748733662814B14B00029009 /* SayfaX_VC.swift in Sources */ = {isa = PBXBuildFile; fileRef = 748733652814B14B00029009 /* SayfaX_VC.swift */; };
/* End PBXBuildFile section */

/* Begin PBXContainerItemProxy section */
		748733072814AF2D00029009 /* PBXContainerItemProxy */ = {
			isa = PBXContainerItemProxy;
			containerPortal = 748732E82814AF2D00029009 /* Project object */;
			proxyType = 1;
			remoteGlobalIDString = 748732EF2814AF2D00029009;
			remoteInfo = HW4;
		};
		748733112814AF2D00029009 /* PBXContainerItemProxy */ = {
			isa = PBXContainerItemProxy;
			containerPortal = 748732E82814AF2D00029009 /* Project object */;
			proxyType = 1;
			remoteGlobalIDString = 748732EF2814AF2D00029009;
			remoteInfo = HW4;
		};
/* End PBXContainerItemProxy section */

/* Begin PBXFileReference section */
		748732F02814AF2D00029009 /* HW4.app */ = {isa = PBXFileReference; explicitFileType = wrapper.application; includeInIndex = 0; path = HW4.app; sourceTree = BUILT_PRODUCTS_DIR; };
		748732F32814AF2D00029009 /* AppDelegate.swift */ = {isa = PBXFileReference; lastKnownFileType = sourcecode.swift; path = AppDelegate.swift; sourceTree = "<group>"; };
		748732F52814AF2D00029009 /* SceneDelegate.swift */ = {isa = PBXFileReference; lastKnownFileType = sourcecode.swift; path = SceneDelegate.swift; sourceTree = "<group>"; };
		748732F72814AF2D00029009 /* ViewController.swift */ = {isa = PBXFileReference; lastKnownFileType = sourcecode.swift; path = ViewController.swift; sourceTree = "<group>"; };
		748732FA2814AF2D00029009 /* Base */ = {isa = PBXFileReference; lastKnownFileType = file.storyboard; name = Base; path = Base.lproj/Main.storyboard; sourceTree = "<group>"; };
		748732FC2814AF2D00029009 /* Assets.xcassets */ = {isa = PBXFileReference; lastKnownFileType = folder.assetcatalog; path = Assets.xcassets; sourceTree = "<group>"; };
		748732FF2814AF2D00029009 /* Base */ = {isa = PBXFileReference; lastKnownFileType = file.storyboard; name = Base; path = Base.lproj/LaunchScreen.storyboard; sourceTree = "<group>"; };
		748733012814AF2D00029009 /* Info.plist */ = {isa = PBXFileReference; lastKnownFileType = text.plist.xml; path = Info.plist; sourceTree = "<group>"; };
		748733062814AF2D00029009 /* HW4Tests.xctest */ = {isa = PBXFileReference; explicitFileType = wrapper.cfbundle; includeInIndex = 0; path = HW4Tests.xctest; sourceTree = BUILT_PRODUCTS_DIR; };
		7487330A2814AF2D00029009 /* HW4Tests.swift */ = {isa = PBXFileReference; lastKnownFileType = sourcecode.swift; path = HW4Tests.swift; sourceTree = "<group>"; };
		748733102814AF2D00029009 /* HW4UITests.xctest */ = {isa = PBXFileReference; explicitFileType = wrapper.cfbundle; includeInIndex = 0; path = HW4UITests.xctest; sourceTree = BUILT_PRODUCTS_DIR; };
		748733142814AF2D00029009 /* HW4UITests.swift */ = {isa = PBXFileReference; lastKnownFileType = sourcecode.swift; path = HW4UITests.swift; sourceTree = "<group>"; };
		748733162814AF2D00029009 /* HW4UITestsLaunchTests.swift */ = {isa = PBXFileReference; lastKnownFileType = sourcecode.swift; path = HW4UITestsLaunchTests.swift; sourceTree = "<group>"; };
		7487335F2814B0FB00029009 /* SayfaA_VC.swift */ = {isa = PBXFileReference; lastKnownFileType = sourcecode.swift; path = SayfaA_VC.swift; sourceTree = "<group>"; };
		748733612814B11400029009 /* SayfaB_VC.swift */ = {isa = PBXFileReference; lastKnownFileType = sourcecode.swift; path = SayfaB_VC.swift; sourceTree = "<group>"; };
		748733632814B13700029009 /* SayfaY_VC.swift */ = {isa = PBXFileReference; lastKnownFileType = sourcecode.swift; path = SayfaY_VC.swift; sourceTree = "<group>"; };
		748733652814B14B00029009 /* SayfaX_VC.swift */ = {isa = PBXFileReference; lastKnownFileType = sourcecode.swift; path = SayfaX_VC.swift; sourceTree = "<group>"; };
/* End PBXFileReference section */

/* Begin PBXFrameworksBuildPhase section */
		748732ED2814AF2D00029009 /* Frameworks */ = {
			isa = PBXFrameworksBuildPhase;
			buildActionMask = 2147483647;
			files = (
			);
			runOnlyForDeploymentPostprocessing = 0;
		};
		748733032814AF2D00029009 /* Frameworks */ = {
			isa = PBXFrameworksBuildPhase;
			buildActionMask = 2147483647;
			files = (
			);
			runOnlyForDeploymentPostprocessing = 0;
		};
		7487330D2814AF2D00029009 /* Frameworks */ = {
			isa = PBXFrameworksBuildPhase;
			buildActionMask = 2147483647;
			files = (
			);
			runOnlyForDeploymentPostprocessing = 0;
		};
/* End PBXFrameworksBuildPhase section */

/* Begin PBXGroup section */
		748732E72814AF2D00029009 = {
			isa = PBXGroup;
			children = (
				748732F22814AF2D00029009 /* HW4 */,
				748733092814AF2D00029009 /* HW4Tests */,
				748733132814AF2D00029009 /* HW4UITests */,
				748732F12814AF2D00029009 /* Products */,
			);
			sourceTree = "<group>";
		};
		748732F12814AF2D00029009 /* Products */ = {
			isa = PBXGroup;
			children = (
				748732F02814AF2D00029009 /* HW4.app */,
				748733062814AF2D00029009 /* HW4Tests.xctest */,
				748733102814AF2D00029009 /* HW4UITests.xctest */,
			);
			name = Products;
			sourceTree = "<group>";
		};
		748732F22814AF2D00029009 /* HW4 */ = {
			isa = PBXGroup;
			children = (
				748732F32814AF2D00029009 /* AppDelegate.swift */,
				748732F52814AF2D00029009 /* SceneDelegate.swift */,
				748732F72814AF2D00029009 /* ViewController.swift */,
				748732F92814AF2D00029009 /* Main.storyboard */,
				7487335F2814B0FB00029009 /* SayfaA_VC.swift */,
				748733612814B11400029009 /* SayfaB_VC.swift */,
				748733632814B13700029009 /* SayfaY_VC.swift */,
				748733652814B14B00029009 /* SayfaX_VC.swift */,
				748732FC2814AF2D00029009 /* Assets.xcassets */,
				748732FE2814AF2D00029009 /* LaunchScreen.storyboard */,
				748733012814AF2D00029009 /* Info.plist */,
			);
			path = HW4;
			sourceTree = "<group>";
		};
		748733092814AF2D00029009 /* HW4Tests */ = {
			isa = PBXGroup;
			children = (
				7487330A2814AF2D00029009 /* HW4Tests.swift */,
			);
			path = HW4Tests;
			sourceTree = "<group>";
		};
		748733132814AF2D00029009 /* HW4UITests */ = {
			isa = PBXGroup;
			children = (
				748733142814AF2D00029009 /* HW4UITests.swift */,
				748733162814AF2D00029009 /* HW4UITestsLaunchTests.swift */,
			);
			path = HW4UITests;
			sourceTree = "<group>";
		};
/* End PBXGroup section */

/* Begin PBXNativeTarget section */
		748732EF2814AF2D00029009 /* HW4 */ = {
			isa = PBXNativeTarget;
			buildConfigurationList = 7487331A2814AF2D00029009 /* Build configuration list for PBXNativeTarget "HW4" */;
			buildPhases = (
				748732EC2814AF2D00029009 /* Sources */,
				748732ED2814AF2D00029009 /* Frameworks */,
				748732EE2814AF2D00029009 /* Resources */,
			);
			buildRules = (
			);
			dependencies = (
			);
			name = HW4;
			productName = HW4;
			productReference = 748732F02814AF2D00029009 /* HW4.app */;
			productType = "com.apple.product-type.application";
		};
		748733052814AF2D00029009 /* HW4Tests */ = {
			isa = PBXNativeTarget;
			buildConfigurationList = 7487331D2814AF2D00029009 /* Build configuration list for PBXNativeTarget "HW4Tests" */;
			buildPhases = (
				748733022814AF2D00029009 /* Sources */,
				748733032814AF2D00029009 /* Frameworks */,
				748733042814AF2D00029009 /* Resources */,
			);
			buildRules = (
			);
			dependencies = (
				748733082814AF2D00029009 /* PBXTargetDependency */,
			);
			name = HW4Tests;
			productName = HW4Tests;
			productReference = 748733062814AF2D00029009 /* HW4Tests.xctest */;
			productType = "com.apple.product-type.bundle.unit-test";
		};
		7487330F2814AF2D00029009 /* HW4UITests */ = {
			isa = PBXNativeTarget;
			buildConfigurationList = 748733202814AF2D00029009 /* Build configuration list for PBXNativeTarget "HW4UITests" */;
			buildPhases = (
				7487330C2814AF2D00029009 /* Sources */,
				7487330D2814AF2D00029009 /* Frameworks */,
				7487330E2814AF2D00029009 /* Resources */,
			);
			buildRules = (
			);
			dependencies = (
				748733122814AF2D00029009 /* PBXTargetDependency */,
			);
			name = HW4UITests;
			productName = HW4UITests;
			productReference = 748733102814AF2D00029009 /* HW4UITests.xctest */;
			productType = "com.apple.product-type.bundle.ui-testing";
		};
/* End PBXNativeTarget section */

/* Begin PBXProject section */
		748732E82814AF2D00029009 /* Project object */ = {
			isa = PBXProject;
			attributes = {
				BuildIndependentTargetsInParallel = 1;
				LastSwiftUpdateCheck = 1330;
				LastUpgradeCheck = 1330;
				TargetAttributes = {
					748732EF2814AF2D00029009 = {
						CreatedOnToolsVersion = 13.3.1;
					};
					748733052814AF2D00029009 = {
						CreatedOnToolsVersion = 13.3.1;
						TestTargetID = 748732EF2814AF2D00029009;
					};
					7487330F2814AF2D00029009 = {
						CreatedOnToolsVersion = 13.3.1;
						TestTargetID = 748732EF2814AF2D00029009;
					};
				};
			};
			buildConfigurationList = 748732EB2814AF2D00029009 /* Build configuration list for PBXProject "HW4" */;
			compatibilityVersion = "Xcode 13.0";
			developmentRegion = en;
			hasScannedForEncodings = 0;
			knownRegions = (
				en,
				Base,
			);
			mainGroup = 748732E72814AF2D00029009;
			productRefGroup = 748732F12814AF2D00029009 /* Products */;
			projectDirPath = "";
			projectRoot = "";
			targets = (
				748732EF2814AF2D00029009 /* HW4 */,
				748733052814AF2D00029009 /* HW4Tests */,
				7487330F2814AF2D00029009 /* HW4UITests */,
			);
		};
/* End PBXProject section */

/* Begin PBXResourcesBuildPhase section */
		748732EE2814AF2D00029009 /* Resources */ = {
			isa = PBXResourcesBuildPhase;
			buildActionMask = 2147483647;
			files = (
				748733002814AF2D00029009 /* LaunchScreen.storyboard in Resources */,
				748732FD2814AF2D00029009 /* Assets.xcassets in Resources */,
				748732FB2814AF2D00029009 /* Main.storyboard in Resources */,
			);
			runOnlyForDeploymentPostprocessing = 0;
		};
		748733042814AF2D00029009 /* Resources */ = {
			isa = PBXResourcesBuildPhase;
			buildActionMask = 2147483647;
			files = (
			);
			runOnlyForDeploymentPostprocessing = 0;
		};
		7487330E2814AF2D00029009 /* Resources */ = {
			isa = PBXResourcesBuildPhase;
			buildActionMask = 2147483647;
			files = (
			);
			runOnlyForDeploymentPostprocessing = 0;
		};
/* End PBXResourcesBuildPhase section */

/* Begin PBXSourcesBuildPhase section */
		748732EC2814AF2D00029009 /* Sources */ = {
			isa = PBXSourcesBuildPhase;
			buildActionMask = 2147483647;
			files = (
				748733622814B11400029009 /* SayfaB_VC.swift in Sources */,
				748733642814B13700029009 /* SayfaY_VC.swift in Sources */,
				748732F82814AF2D00029009 /* ViewController.swift in Sources */,
				748732F42814AF2D00029009 /* AppDelegate.swift in Sources */,
				748733662814B14B00029009 /* SayfaX_VC.swift in Sources */,
				748732F62814AF2D00029009 /* SceneDelegate.swift in Sources */,
				748733602814B0FB00029009 /* SayfaA_VC.swift in Sources */,
			);
			runOnlyForDeploymentPostprocessing = 0;
		};
		748733022814AF2D00029009 /* Sources */ = {
			isa = PBXSourcesBuildPhase;
			buildActionMask = 2147483647;
			files = (
				7487330B2814AF2D00029009 /* HW4Tests.swift in Sources */,
			);
			runOnlyForDeploymentPostprocessing = 0;
		};
		7487330C2814AF2D00029009 /* Sources */ = {
			isa = PBXSourcesBuildPhase;
			buildActionMask = 2147483647;
			files = (
				748733172814AF2D00029009 /* HW4UITestsLaunchTests.swift in Sources */,
				748733152814AF2D00029009 /* HW4UITests.swift in Sources */,
			);
			runOnlyForDeploymentPostprocessing = 0;
		};
/* End PBXSourcesBuildPhase section */

/* Begin PBXTargetDependency section */
		748733082814AF2D00029009 /* PBXTargetDependency */ = {
			isa = PBXTargetDependency;
			target = 748732EF2814AF2D00029009 /* HW4 */;
			targetProxy = 748733072814AF2D00029009 /* PBXContainerItemProxy */;
		};
		748733122814AF2D00029009 /* PBXTargetDependency */ = {
			isa = PBXTargetDependency;
			target = 748732EF2814AF2D00029009 /* HW4 */;
			targetProxy = 748733112814AF2D00029009 /* PBXContainerItemProxy */;
		};
/* End PBXTargetDependency section */

/* Begin PBXVariantGroup section */
		748732F92814AF2D00029009 /* Main.storyboard */ = {
			isa = PBXVariantGroup;
			children = (
				748732FA2814AF2D00029009 /* Base */,
			);
			name = Main.storyboard;
			sourceTree = "<group>";
		};
		748732FE2814AF2D00029009 /* LaunchScreen.storyboard */ = {
			isa = PBXVariantGroup;
			children = (
				748732FF2814AF2D00029009 /* Base */,
			);
			name = LaunchScreen.storyboard;
			sourceTree = "<group>";
		};
/* End PBXVariantGroup section */

/* Begin XCBuildConfiguration section */
		748733182814AF2D00029009 /* Debug */ = {
			isa = XCBuildConfiguration;
			buildSettings = {
				ALWAYS_SEARCH_USER_PATHS = NO;
				CLANG_ANALYZER_NONNULL = YES;
				CLANG_ANALYZER_NUMBER_OBJECT_CONVERSION = YES_AGGRESSIVE;
				CLANG_CXX_LANGUAGE_STANDARD = "gnu++17";
				CLANG_ENABLE_MODULES = YES;
				CLANG_ENABLE_OBJC_ARC = YES;
				CLANG_ENABLE_OBJC_WEAK = YES;
				CLANG_WARN_BLOCK_CAPTURE_AUTORELEASING = YES;
				CLANG_WARN_BOOL_CONVERSION = YES;
				CLANG_WARN_COMMA = YES;
				CLANG_WARN_CONSTANT_CONVERSION = YES;
				CLANG_WARN_DEPRECATED_OBJC_IMPLEMENTATIONS = YES;
				CLANG_WARN_DIRECT_OBJC_ISA_USAGE = YES_ERROR;
				CLANG_WARN_DOCUMENTATION_COMMENTS = YES;
				CLANG_WARN_EMPTY_BODY = YES;
				CLANG_WARN_ENUM_CONVERSION = YES;
				CLANG_WARN_INFINITE_RECURSION = YES;
				CLANG_WARN_INT_CONVERSION = YES;
				CLANG_WARN_NON_LITERAL_NULL_CONVERSION = YES;
				CLANG_WARN_OBJC_IMPLICIT_RETAIN_SELF = YES;
				CLANG_WARN_OBJC_LITERAL_CONVERSION = YES;
				CLANG_WARN_OBJC_ROOT_CLASS = YES_ERROR;
				CLANG_WARN_QUOTED_INCLUDE_IN_FRAMEWORK_HEADER = YES;
				CLANG_WARN_RANGE_LOOP_ANALYSIS = YES;
				CLANG_WARN_STRICT_PROTOTYPES = YES;
				CLANG_WARN_SUSPICIOUS_MOVE = YES;
				CLANG_WARN_UNGUARDED_AVAILABILITY = YES_AGGRESSIVE;
				CLANG_WARN_UNREACHABLE_CODE = YES;
				CLANG_WARN__DUPLICATE_METHOD_MATCH = YES;
				COPY_PHASE_STRIP = NO;
				DEBUG_INFORMATION_FORMAT = dwarf;
				ENABLE_STRICT_OBJC_MSGSEND = YES;
				ENABLE_TESTABILITY = YES;
				GCC_C_LANGUAGE_STANDARD = gnu11;
				GCC_DYNAMIC_NO_PIC = NO;
				GCC_NO_COMMON_BLOCKS = YES;
				GCC_OPTIMIZATION_LEVEL = 0;
				GCC_PREPROCESSOR_DEFINITIONS = (
					"DEBUG=1",
					"$(inherited)",
				);
				GCC_WARN_64_TO_32_BIT_CONVERSION = YES;
				GCC_WARN_ABOUT_RETURN_TYPE = YES_ERROR;
				GCC_WARN_UNDECLARED_SELECTOR = YES;
				GCC_WARN_UNINITIALIZED_AUTOS = YES_AGGRESSIVE;
				GCC_WARN_UNUSED_FUNCTION = YES;
				GCC_WARN_UNUSED_VARIABLE = YES;
				IPHONEOS_DEPLOYMENT_TARGET = 15.4;
				MTL_ENABLE_DEBUG_INFO = INCLUDE_SOURCE;
				MTL_FAST_MATH = YES;
				ONLY_ACTIVE_ARCH = YES;
				SDKROOT = iphoneos;
				SWIFT_ACTIVE_COMPILATION_CONDITIONS = DEBUG;
				SWIFT_OPTIMIZATION_LEVEL = "-Onone";
			};
			name = Debug;
		};
		748733192814AF2D00029009 /* Release */ = {
			isa = XCBuildConfiguration;
			buildSettings = {
				ALWAYS_SEARCH_USER_PATHS = NO;
				CLANG_ANALYZER_NONNULL = YES;
				CLANG_ANALYZER_NUMBER_OBJECT_CONVERSION = YES_AGGRESSIVE;
				CLANG_CXX_LANGUAGE_STANDARD = "gnu++17";
				CLANG_ENABLE_MODULES = YES;
				CLANG_ENABLE_OBJC_ARC = YES;
				CLANG_ENABLE_OBJC_WEAK = YES;
				CLANG_WARN_BLOCK_CAPTURE_AUTORELEASING = YES;
				CLANG_WARN_BOOL_CONVERSION = YES;
				CLANG_WARN_COMMA = YES;
				CLANG_WARN_CONSTANT_CONVERSION = YES;
				CLANG_WARN_DEPRECATED_OBJC_IMPLEMENTATIONS = YES;
				CLANG_WARN_DIRECT_OBJC_ISA_USAGE = YES_ERROR;
				CLANG_WARN_DOCUMENTATION_COMMENTS = YES;
				CLANG_WARN_EMPTY_BODY = YES;
				CLANG_WARN_ENUM_CONVERSION = YES;
				CLANG_WARN_INFINITE_RECURSION = YES;
				CLANG_WARN_INT_CONVERSION = YES;
				CLANG_WARN_NON_LITERAL_NULL_CONVERSION = YES;
				CLANG_WARN_OBJC_IMPLICIT_RETAIN_SELF = YES;
				CLANG_WARN_OBJC_LITERAL_CONVERSION = YES;
				CLANG_WARN_OBJC_ROOT_CLASS = YES_ERROR;
				CLANG_WARN_QUOTED_INCLUDE_IN_FRAMEWORK_HEADER = YES;
				CLANG_WARN_RANGE_LOOP_ANALYSIS = YES;
				CLANG_WARN_STRICT_PROTOTYPES = YES;
				CLANG_WARN_SUSPICIOUS_MOVE = YES;
				CLANG_WARN_UNGUARDED_AVAILABILITY = YES_AGGRESSIVE;
				CLANG_WARN_UNREACHABLE_CODE = YES;
				CLANG_WARN__DUPLICATE_METHOD_MATCH = YES;
				COPY_PHASE_STRIP = NO;
				DEBUG_INFORMATION_FORMAT = "dwarf-with-dsym";
				ENABLE_NS_ASSERTIONS = NO;
				ENABLE_STRICT_OBJC_MSGSEND = YES;
				GCC_C_LANGUAGE_STANDARD = gnu11;
				GCC_NO_COMMON_BLOCKS = YES;
				GCC_WARN_64_TO_32_BIT_CONVERSION = YES;
				GCC_WARN_ABOUT_RETURN_TYPE = YES_ERROR;
				GCC_WARN_UNDECLARED_SELECTOR = YES;
				GCC_WARN_UNINITIALIZED_AUTOS = YES_AGGRESSIVE;
				GCC_WARN_UNUSED_FUNCTION = YES;
				GCC_WARN_UNUSED_VARIABLE = YES;
				IPHONEOS_DEPLOYMENT_TARGET = 15.4;
				MTL_ENABLE_DEBUG_INFO = NO;
				MTL_FAST_MATH = YES;
				SDKROOT = iphoneos;
				SWIFT_COMPILATION_MODE = wholemodule;
				SWIFT_OPTIMIZATION_LEVEL = "-O";
				VALIDATE_PRODUCT = YES;
			};
			name = Release;
		};
		7487331B2814AF2D00029009 /* Debug */ = {
			isa = XCBuildConfiguration;
			buildSettings = {
				ASSETCATALOG_COMPILER_APPICON_NAME = AppIcon;
				ASSETCATALOG_COMPILER_GLOBAL_ACCENT_COLOR_NAME = AccentColor;
				CODE_SIGN_STYLE = Automatic;
				CURRENT_PROJECT_VERSION = 1;
				GENERATE_INFOPLIST_FILE = YES;
				INFOPLIST_FILE = HW4/Info.plist;
				INFOPLIST_KEY_UIApplicationSupportsIndirectInputEvents = YES;
				INFOPLIST_KEY_UILaunchStoryboardName = LaunchScreen;
				INFOPLIST_KEY_UIMainStoryboardFile = Main;
				INFOPLIST_KEY_UISupportedInterfaceOrientations_iPad = "UIInterfaceOrientationPortrait UIInterfaceOrientationPortraitUpsideDown UIInterfaceOrientationLandscapeLeft UIInterfaceOrientationLandscapeRight";
				INFOPLIST_KEY_UISupportedInterfaceOrientations_iPhone = "UIInterfaceOrientationPortrait UIInterfaceOrientationLandscapeLeft UIInterfaceOrientationLandscapeRight";
				LD_RUNPATH_SEARCH_PATHS = (
					"$(inherited)",
					"@executable_path/Frameworks",
				);
				MARKETING_VERSION = 1.0;
				PRODUCT_BUNDLE_IDENTIFIER = com.deneme.HW4;
				PRODUCT_NAME = "$(TARGET_NAME)";
				SWIFT_EMIT_LOC_STRINGS = YES;
				SWIFT_VERSION = 5.0;
				TARGETED_DEVICE_FAMILY = "1,2";
			};
			name = Debug;
		};
		7487331C2814AF2D00029009 /* Release */ = {
			isa = XCBuildConfiguration;
			buildSettings = {
				ASSETCATALOG_COMPILER_APPICON_NAME = AppIcon;
				ASSETCATALOG_COMPILER_GLOBAL_ACCENT_COLOR_NAME = AccentColor;
				CODE_SIGN_STYLE = Automatic;
				CURRENT_PROJECT_VERSION = 1;
				GENERATE_INFOPLIST_FILE = YES;
				INFOPLIST_FILE = HW4/Info.plist;
				INFOPLIST_KEY_UIApplicationSupportsIndirectInputEvents = YES;
				INFOPLIST_KEY_UILaunchStoryboardName = LaunchScreen;
				INFOPLIST_KEY_UIMainStoryboardFile = Main;
				INFOPLIST_KEY_UISupportedInterfaceOrientations_iPad = "UIInterfaceOrientationPortrait UIInterfaceOrientationPortraitUpsideDown UIInterfaceOrientationLandscapeLeft UIInterfaceOrientationLandscapeRight";
				INFOPLIST_KEY_UISupportedInterfaceOrientations_iPhone = "UIInterfaceOrientationPortrait UIInterfaceOrientationLandscapeLeft UIInterfaceOrientationLandscapeRight";
				LD_RUNPATH_SEARCH_PATHS = (
					"$(inherited)",
					"@executable_path/Frameworks",
				);
				MARKETING_VERSION = 1.0;
				PRODUCT_BUNDLE_IDENTIFIER = com.deneme.HW4;
				PRODUCT_NAME = "$(TARGET_NAME)";
				SWIFT_EMIT_LOC_STRINGS = YES;
				SWIFT_VERSION = 5.0;
				TARGETED_DEVICE_FAMILY = "1,2";
			};
			name = Release;
		};
		7487331E2814AF2D00029009 /* Debug */ = {
			isa = XCBuildConfiguration;
			buildSettings = {
				ALWAYS_EMBED_SWIFT_STANDARD_LIBRARIES = YES;
				BUNDLE_LOADER = "$(TEST_HOST)";
				CODE_SIGN_STYLE = Automatic;
				CURRENT_PROJECT_VERSION = 1;
				GENERATE_INFOPLIST_FILE = YES;
				IPHONEOS_DEPLOYMENT_TARGET = 15.4;
				MARKETING_VERSION = 1.0;
				PRODUCT_BUNDLE_IDENTIFIER = com.deneme.HW4Tests;
				PRODUCT_NAME = "$(TARGET_NAME)";
				SWIFT_EMIT_LOC_STRINGS = NO;
				SWIFT_VERSION = 5.0;
				TARGETED_DEVICE_FAMILY = "1,2";
				TEST_HOST = "$(BUILT_PRODUCTS_DIR)/HW4.app/HW4";
			};
			name = Debug;
		};
		7487331F2814AF2D00029009 /* Release */ = {
			isa = XCBuildConfiguration;
			buildSettings = {
				ALWAYS_EMBED_SWIFT_STANDARD_LIBRARIES = YES;
				BUNDLE_LOADER = "$(TEST_HOST)";
				CODE_SIGN_STYLE = Automatic;
				CURRENT_PROJECT_VERSION = 1;
				GENERATE_INFOPLIST_FILE = YES;
				IPHONEOS_DEPLOYMENT_TARGET = 15.4;
				MARKETING_VERSION = 1.0;
				PRODUCT_BUNDLE_IDENTIFIER = com.deneme.HW4Tests;
				PRODUCT_NAME = "$(TARGET_NAME)";
				SWIFT_EMIT_LOC_STRINGS = NO;
				SWIFT_VERSION = 5.0;
				TARGETED_DEVICE_FAMILY = "1,2";
				TEST_HOST = "$(BUILT_PRODUCTS_DIR)/HW4.app/HW4";
			};
			name = Release;
		};
		748733212814AF2D00029009 /* Debug */ = {
			isa = XCBuildConfiguration;
			buildSettings = {
				ALWAYS_EMBED_SWIFT_STANDARD_LIBRARIES = YES;
				CODE_SIGN_STYLE = Automatic;
				CURRENT_PROJECT_VERSION = 1;
				GENERATE_INFOPLIST_FILE = YES;
				MARKETING_VERSION = 1.0;
				PRODUCT_BUNDLE_IDENTIFIER = com.deneme.HW4UITests;
				PRODUCT_NAME = "$(TARGET_NAME)";
				SWIFT_EMIT_LOC_STRINGS = NO;
				SWIFT_VERSION = 5.0;
				TARGETED_DEVICE_FAMILY = "1,2";
				TEST_TARGET_NAME = HW4;
			};
			name = Debug;
		};
		748733222814AF2D00029009 /* Release */ = {
			isa = XCBuildConfiguration;
			buildSettings = {
				ALWAYS_EMBED_SWIFT_STANDARD_LIBRARIES = YES;
				CODE_SIGN_STYLE = Automatic;
				CURRENT_PROJECT_VERSION = 1;
				GENERATE_INFOPLIST_FILE = YES;
				MARKETING_VERSION = 1.0;
				PRODUCT_BUNDLE_IDENTIFIER = com.deneme.HW4UITests;
				PRODUCT_NAME = "$(TARGET_NAME)";
				SWIFT_EMIT_LOC_STRINGS = NO;
				SWIFT_VERSION = 5.0;
				TARGETED_DEVICE_FAMILY = "1,2";
				TEST_TARGET_NAME = HW4;
			};
			name = Release;
		};
/* End XCBuildConfiguration section */

/* Begin XCConfigurationList section */
		748732EB2814AF2D00029009 /* Build configuration list for PBXProject "HW4" */ = {
			isa = XCConfigurationList;
			buildConfigurations = (
				748733182814AF2D00029009 /* Debug */,
				748733192814AF2D00029009 /* Release */,
			);
			defaultConfigurationIsVisible = 0;
			defaultConfigurationName = Release;
		};
		7487331A2814AF2D00029009 /* Build configuration list for PBXNativeTarget "HW4" */ = {
			isa = XCConfigurationList;
			buildConfigurations = (
				7487331B2814AF2D00029009 /* Debug */,
				7487331C2814AF2D00029009 /* Release */,
			);
			defaultConfigurationIsVisible = 0;
			defaultConfigurationName = Release;
		};
		7487331D2814AF2D00029009 /* Build configuration list for PBXNativeTarget "HW4Tests" */ = {
			isa = XCConfigurationList;
			buildConfigurations = (
				7487331E2814AF2D00029009 /* Debug */,
				7487331F2814AF2D00029009 /* Release */,
			);
			defaultConfigurationIsVisible = 0;
			defaultConfigurationName = Release;
		};
		748733202814AF2D00029009 /* Build configuration list for PBXNativeTarget "HW4UITests" */ = {
			isa = XCConfigurationList;
			buildConfigurations = (
				748733212814AF2D00029009 /* Debug */,
				748733222814AF2D00029009 /* Release */,
			);
			defaultConfigurationIsVisible = 0;
			defaultConfigurationName = Release;
		};
/* End XCConfigurationList section */
	};
	rootObject = 748732E82814AF2D00029009 /* Project object */;
}
